
Microsoft Visual Studio Solution File, Format Version 12.00
# Visual Studio Version 17
VisualStudioVersion = 17.8.34330.188
MinimumVisualStudioVersion = 10.0.40219.1
Project("{FAE04EC0-301F-11D3-BF4B-00C04F79EFBC}") = "GUI", "GUI.csproj", "{F5EC5C79-BA5C-4F3D-80ED-8DEA7642558C}"
EndProject
Project("{FAE04EC0-301F-11D3-BF4B-00C04F79EFBC}") = "DAL", "..\DAL\DAL.csproj", "{49DEDC74-2E70-44FC-A4DB-D70044F73168}"
EndProject
Project("{FAE04EC0-301F-11D3-BF4B-00C04F79EFBC}") = "BLL", "..\BLL\BLL.csproj", "{ED9564F4-DFC7-400A-A25F-E3627E164881}"
EndProject
Global
	GlobalSection(SolutionConfigurationPlatforms) = preSolution
		Debug|Any CPU = Debug|Any CPU
		Release|Any CPU = Release|Any CPU
	EndGlobalSection
	GlobalSection(ProjectConfigurationPlatforms) = postSolution
		{F5EC5C79-BA5C-4F3D-80ED-8DEA7642558C}.Debug|Any CPU.ActiveCfg = Debug|Any CPU
		{F5EC5C79-BA5C-4F3D-80ED-8DEA7642558C}.Debug|Any CPU.Build.0 = Debug|Any CPU
		{F5EC5C79-BA5C-4F3D-80ED-8DEA7642558C}.Release|Any CPU.ActiveCfg = Release|Any CPU
		{F5EC5C79-BA5C-4F3D-80ED-8DEA7642558C}.Release|Any CPU.Build.0 = Release|Any CPU
		{49DEDC74-2E70-44FC-A4DB-D70044F73168}.Debug|Any CPU.ActiveCfg = Debug|Any CPU
		{49DEDC74-2E70-44FC-A4DB-D70044F73168}.Debug|Any CPU.Build.0 = Debug|Any CPU
		{49DEDC74-2E70-44FC-A4DB-D70044F73168}.Release|Any CPU.ActiveCfg = Release|Any CPU
		{49DEDC74-2E70-44FC-A4DB-D70044F73168}.Release|Any CPU.Build.0 = Release|Any CPU
		{ED9564F4-DFC7-400A-A25F-E3627E164881}.Debug|Any CPU.ActiveCfg = Debug|Any CPU
		{ED9564F4-DFC7-400A-A25F-E3627E164881}.Debug|Any CPU.Build.0 = Debug|Any CPU
		{ED9564F4-DFC7-400A-A25F-E3627E164881}.Release|Any CPU.ActiveCfg = Release|Any CPU
		{ED9564F4-DFC7-400A-A25F-E3627E164881}.Release|Any CPU.Build.0 = Release|Any CPU
	EndGlobalSection
	GlobalSection(SolutionProperties) = preSolution
		HideSolutionNode = FALSE
	EndGlobalSection
	GlobalSection(ExtensibilityGlobals) = postSolution
		SolutionGuid = {3FF123E6-C52C-4B27-BAE4-17E4A307DC04}
	EndGlobalSection
EndGlobal
